
Microsoft Visual Studio Solution File, Format Version 12.00
# Visual Studio Version 17
VisualStudioVersion = 17.11.35208.52
MinimumVisualStudioVersion = 10.0.40219.1
Project("{FAE04EC0-301F-11D3-BF4B-00C04F79EFBC}") = "NugetPackage.Library", "NugetPackage.Library\NugetPackage.Library.csproj", "{83E8E08E-67F3-42AA-A7BF-0B0860D03C33}"
EndProject
Global
	GlobalSection(SolutionConfigurationPlatforms) = preSolution
		Debug|Any CPU = Debug|Any CPU
		Release|Any CPU = Release|Any CPU
	EndGlobalSection
	GlobalSection(ProjectConfigurationPlatforms) = postSolution
		{83E8E08E-67F3-42AA-A7BF-0B0860D03C33}.Debug|Any CPU.ActiveCfg = Debug|Any CPU
		{83E8E08E-67F3-42AA-A7BF-0B0860D03C33}.Debug|Any CPU.Build.0 = Debug|Any CPU
		{83E8E08E-67F3-42AA-A7BF-0B0860D03C33}.Release|Any CPU.ActiveCfg = Release|Any CPU
		{83E8E08E-67F3-42AA-A7BF-0B0860D03C33}.Release|Any CPU.Build.0 = Release|Any CPU
	EndGlobalSection
	GlobalSection(SolutionProperties) = preSolution
		HideSolutionNode = FALSE
	EndGlobalSection
	GlobalSection(ExtensibilityGlobals) = postSolution
		SolutionGuid = {F24CC296-0A89-4DB5-8475-896BE07167E7}
	EndGlobalSection
EndGlobal
